
Microsoft Visual Studio Solution File, Format Version 12.00
# Visual Studio Version 17
VisualStudioVersion = 17.7.34018.315
MinimumVisualStudioVersion = 10.0.40219.1
Project("{FAE04EC0-301F-11D3-BF4B-00C04F79EFBC}") = "szamkitalalo", "szamkitalalo\szamkitalalo.csproj", "{4A8BEE39-B8C2-47FC-B836-640516BCB4F7}"
EndProject
Global
	GlobalSection(SolutionConfigurationPlatforms) = preSolution
		Debug|Any CPU = Debug|Any CPU
		Release|Any CPU = Release|Any CPU
	EndGlobalSection
	GlobalSection(ProjectConfigurationPlatforms) = postSolution
		{4A8BEE39-B8C2-47FC-B836-640516BCB4F7}.Debug|Any CPU.ActiveCfg = Debug|Any CPU
		{4A8BEE39-B8C2-47FC-B836-640516BCB4F7}.Debug|Any CPU.Build.0 = Debug|Any CPU
		{4A8BEE39-B8C2-47FC-B836-640516BCB4F7}.Release|Any CPU.ActiveCfg = Release|Any CPU
		{4A8BEE39-B8C2-47FC-B836-640516BCB4F7}.Release|Any CPU.Build.0 = Release|Any CPU
	EndGlobalSection
	GlobalSection(SolutionProperties) = preSolution
		HideSolutionNode = FALSE
	EndGlobalSection
	GlobalSection(ExtensibilityGlobals) = postSolution
		SolutionGuid = {30AF8506-C567-424A-8209-83644FD83D15}
	EndGlobalSection
EndGlobal
