
Microsoft Visual Studio Solution File, Format Version 12.00
# Visual Studio Version 17
VisualStudioVersion = 17.7.34018.315
MinimumVisualStudioVersion = 10.0.40219.1
Project("{FAE04EC0-301F-11D3-BF4B-00C04F79EFBC}") = "kitalalo", "kitalalo\kitalalo.csproj", "{DDE0D785-5EE5-47CE-9523-F48AD78A2502}"
EndProject
Global
	GlobalSection(SolutionConfigurationPlatforms) = preSolution
		Debug|Any CPU = Debug|Any CPU
		Release|Any CPU = Release|Any CPU
	EndGlobalSection
	GlobalSection(ProjectConfigurationPlatforms) = postSolution
		{DDE0D785-5EE5-47CE-9523-F48AD78A2502}.Debug|Any CPU.ActiveCfg = Debug|Any CPU
		{DDE0D785-5EE5-47CE-9523-F48AD78A2502}.Debug|Any CPU.Build.0 = Debug|Any CPU
		{DDE0D785-5EE5-47CE-9523-F48AD78A2502}.Release|Any CPU.ActiveCfg = Release|Any CPU
		{DDE0D785-5EE5-47CE-9523-F48AD78A2502}.Release|Any CPU.Build.0 = Release|Any CPU
	EndGlobalSection
	GlobalSection(SolutionProperties) = preSolution
		HideSolutionNode = FALSE
	EndGlobalSection
	GlobalSection(ExtensibilityGlobals) = postSolution
		SolutionGuid = {EDFD9A6B-4727-40FD-BBBC-F0F0FAFA5D8F}
	EndGlobalSection
EndGlobal
