
Microsoft Visual Studio Solution File, Format Version 12.00
# Visual Studio Version 17
VisualStudioVersion = 17.7.34018.315
MinimumVisualStudioVersion = 10.0.40219.1
Project("{FAE04EC0-301F-11D3-BF4B-00C04F79EFBC}") = "matekfeladat", "matekfeladat\matekfeladat.csproj", "{999353F8-C1E2-41B1-8EFF-C757970DDFE3}"
EndProject
Global
	GlobalSection(SolutionConfigurationPlatforms) = preSolution
		Debug|Any CPU = Debug|Any CPU
		Release|Any CPU = Release|Any CPU
	EndGlobalSection
	GlobalSection(ProjectConfigurationPlatforms) = postSolution
		{999353F8-C1E2-41B1-8EFF-C757970DDFE3}.Debug|Any CPU.ActiveCfg = Debug|Any CPU
		{999353F8-C1E2-41B1-8EFF-C757970DDFE3}.Debug|Any CPU.Build.0 = Debug|Any CPU
		{999353F8-C1E2-41B1-8EFF-C757970DDFE3}.Release|Any CPU.ActiveCfg = Release|Any CPU
		{999353F8-C1E2-41B1-8EFF-C757970DDFE3}.Release|Any CPU.Build.0 = Release|Any CPU
	EndGlobalSection
	GlobalSection(SolutionProperties) = preSolution
		HideSolutionNode = FALSE
	EndGlobalSection
	GlobalSection(ExtensibilityGlobals) = postSolution
		SolutionGuid = {293DE5B0-6193-4000-8502-43A75F367867}
	EndGlobalSection
EndGlobal
