
Microsoft Visual Studio Solution File, Format Version 12.00
# Visual Studio Version 17
VisualStudioVersion = 17.7.34018.315
MinimumVisualStudioVersion = 10.0.40219.1
Project("{FAE04EC0-301F-11D3-BF4B-00C04F79EFBC}") = "tomb", "tomb\tomb.csproj", "{FE4C5BB9-EF8D-44D8-8ED6-78C17E8324D6}"
EndProject
Global
	GlobalSection(SolutionConfigurationPlatforms) = preSolution
		Debug|Any CPU = Debug|Any CPU
		Release|Any CPU = Release|Any CPU
	EndGlobalSection
	GlobalSection(ProjectConfigurationPlatforms) = postSolution
		{FE4C5BB9-EF8D-44D8-8ED6-78C17E8324D6}.Debug|Any CPU.ActiveCfg = Debug|Any CPU
		{FE4C5BB9-EF8D-44D8-8ED6-78C17E8324D6}.Debug|Any CPU.Build.0 = Debug|Any CPU
		{FE4C5BB9-EF8D-44D8-8ED6-78C17E8324D6}.Release|Any CPU.ActiveCfg = Release|Any CPU
		{FE4C5BB9-EF8D-44D8-8ED6-78C17E8324D6}.Release|Any CPU.Build.0 = Release|Any CPU
	EndGlobalSection
	GlobalSection(SolutionProperties) = preSolution
		HideSolutionNode = FALSE
	EndGlobalSection
	GlobalSection(ExtensibilityGlobals) = postSolution
		SolutionGuid = {2BDE64B9-DF1A-42A6-9AFA-DE46BC48D04A}
	EndGlobalSection
EndGlobal
